
Microsoft Visual Studio Solution File, Format Version 12.00
# Visual Studio Version 18
VisualStudioVersion = 18.2.11415.280 d18.0
MinimumVisualStudioVersion = 10.0.40219.1
Project("{FAE04EC0-301F-11D3-BF4B-00C04F79EFBC}") = "MudBlazorSpirytusTerm", "MudBlazorSpirytusTerm.csproj", "{B2F54B6B-C03E-2F4B-BFE6-A99153269E14}"
EndProject
Project("{FAE04EC0-301F-11D3-BF4B-00C04F79EFBC}") = "MudBlazorSpirytusTerm.Tests", "MudBlazorSpirytusTerm.Tests\MudBlazorSpirytusTerm.Tests.csproj", "{A1B2C3D4-E5F6-4A5B-9C8D-7E6F5A4B3C2D}"
EndProject
Global
	GlobalSection(SolutionConfigurationPlatforms) = preSolution
		Debug|Any CPU = Debug|Any CPU
		Release|Any CPU = Release|Any CPU
	EndGlobalSection
	GlobalSection(ProjectConfigurationPlatforms) = postSolution
		{B2F54B6B-C03E-2F4B-BFE6-A99153269E14}.Debug|Any CPU.ActiveCfg = Debug|Any CPU
		{B2F54B6B-C03E-2F4B-BFE6-A99153269E14}.Debug|Any CPU.Build.0 = Debug|Any CPU
		{B2F54B6B-C03E-2F4B-BFE6-A99153269E14}.Release|Any CPU.ActiveCfg = Release|Any CPU
		{B2F54B6B-C03E-2F4B-BFE6-A99153269E14}.Release|Any CPU.Build.0 = Release|Any CPU
		{A1B2C3D4-E5F6-4A5B-9C8D-7E6F5A4B3C2D}.Debug|Any CPU.ActiveCfg = Debug|Any CPU
		{A1B2C3D4-E5F6-4A5B-9C8D-7E6F5A4B3C2D}.Debug|Any CPU.Build.0 = Debug|Any CPU
		{A1B2C3D4-E5F6-4A5B-9C8D-7E6F5A4B3C2D}.Release|Any CPU.ActiveCfg = Release|Any CPU
		{A1B2C3D4-E5F6-4A5B-9C8D-7E6F5A4B3C2D}.Release|Any CPU.Build.0 = Release|Any CPU
	EndGlobalSection
	GlobalSection(SolutionProperties) = preSolution
		HideSolutionNode = FALSE
	EndGlobalSection
	GlobalSection(ExtensibilityGlobals) = postSolution
		SolutionGuid = {5E087B8D-C585-4781-998B-D53CC25FBF78}
	EndGlobalSection
EndGlobal
